// !$*UTF8*$!
{
	archiveVersion = 1;
	classes = {
	};
	objectVersion = 46;
	objects = {

/* Begin PBXBuildFile section */
		D6C119551AEE27590023B422 /* AppDelegate.swift in Sources */ = {isa = PBXBuildFile; fileRef = D6C119541AEE27590023B422 /* AppDelegate.swift */; };
		D6C119581AEE27590023B422 /* BleOT.xcdatamodeld in Sources */ = {isa = PBXBuildFile; fileRef = D6C119561AEE27590023B422 /* BleOT.xcdatamodeld */; };
		D6C1195D1AEE27590023B422 /* Main.storyboard in Resources */ = {isa = PBXBuildFile; fileRef = D6C1195B1AEE27590023B422 /* Main.storyboard */; };
		D6C1195F1AEE27590023B422 /* Images.xcassets in Resources */ = {isa = PBXBuildFile; fileRef = D6C1195E1AEE27590023B422 /* Images.xcassets */; };
		D6C119621AEE27590023B422 /* LaunchScreen.xib in Resources */ = {isa = PBXBuildFile; fileRef = D6C119601AEE27590023B422 /* LaunchScreen.xib */; };
		D6C1196E1AEE27590023B422 /* BLEoTTests.swift in Sources */ = {isa = PBXBuildFile; fileRef = D6C1196D1AEE27590023B422 /* BLEoTTests.swift */; };
		D6C119781AEE27E40023B422 /* BLEoT.swift in Sources */ = {isa = PBXBuildFile; fileRef = D6C119771AEE27E40023B422 /* BLEoT.swift */; };
		D6C1197E1AEF6BD00023B422 /* LocationViewController.swift in Sources */ = {isa = PBXBuildFile; fileRef = D6C1197D1AEF6BD00023B422 /* LocationViewController.swift */; };
		D6C119801AEF6E2F0023B422 /* SelectedViewController.swift in Sources */ = {isa = PBXBuildFile; fileRef = D6C1197F1AEF6E2F0023B422 /* SelectedViewController.swift */; };
		D6C119821AEFA9820023B422 /* ViewController.swift in Sources */ = {isa = PBXBuildFile; fileRef = D6C119811AEFA9820023B422 /* ViewController.swift */; };
		D6C119841AEFAC170023B422 /* LocationsTableViewCell.swift in Sources */ = {isa = PBXBuildFile; fileRef = D6C119831AEFAC170023B422 /* LocationsTableViewCell.swift */; };
		D6C119861AEFACEA0023B422 /* SelectedTableViewCell.swift in Sources */ = {isa = PBXBuildFile; fileRef = D6C119851AEFACEA0023B422 /* SelectedTableViewCell.swift */; };
/* End PBXBuildFile section */

/* Begin PBXContainerItemProxy section */
		D6C119681AEE27590023B422 /* PBXContainerItemProxy */ = {
			isa = PBXContainerItemProxy;
			containerPortal = D6C119471AEE27590023B422 /* Project object */;
			proxyType = 1;
			remoteGlobalIDString = D6C1194E1AEE27590023B422;
			remoteInfo = BleOT;
		};
/* End PBXContainerItemProxy section */

/* Begin PBXFileReference section */
		D6C1194F1AEE27590023B422 /* BleOT.app */ = {isa = PBXFileReference; explicitFileType = wrapper.application; includeInIndex = 0; path = BleOT.app; sourceTree = BUILT_PRODUCTS_DIR; };
		D6C119531AEE27590023B422 /* Info.plist */ = {isa = PBXFileReference; lastKnownFileType = text.plist.xml; path = Info.plist; sourceTree = "<group>"; };
		D6C119541AEE27590023B422 /* AppDelegate.swift */ = {isa = PBXFileReference; lastKnownFileType = sourcecode.swift; lineEnding = 0; path = AppDelegate.swift; sourceTree = "<group>"; xcLanguageSpecificationIdentifier = xcode.lang.swift; };
		D6C119571AEE27590023B422 /* BleOT.xcdatamodel */ = {isa = PBXFileReference; lastKnownFileType = wrapper.xcdatamodel; path = BleOT.xcdatamodel; sourceTree = "<group>"; };
		D6C1195C1AEE27590023B422 /* Base */ = {isa = PBXFileReference; lastKnownFileType = file.storyboard; name = Base; path = Base.lproj/Main.storyboard; sourceTree = "<group>"; };
		D6C1195E1AEE27590023B422 /* Images.xcassets */ = {isa = PBXFileReference; lastKnownFileType = folder.assetcatalog; path = Images.xcassets; sourceTree = "<group>"; };
		D6C119611AEE27590023B422 /* Base */ = {isa = PBXFileReference; lastKnownFileType = file.xib; name = Base; path = Base.lproj/LaunchScreen.xib; sourceTree = "<group>"; };
		D6C119671AEE27590023B422 /* BleOTTests.xctest */ = {isa = PBXFileReference; explicitFileType = wrapper.cfbundle; includeInIndex = 0; path = BleOTTests.xctest; sourceTree = BUILT_PRODUCTS_DIR; };
		D6C1196C1AEE27590023B422 /* Info.plist */ = {isa = PBXFileReference; lastKnownFileType = text.plist.xml; path = Info.plist; sourceTree = "<group>"; };
		D6C1196D1AEE27590023B422 /* BLEoTTests.swift */ = {isa = PBXFileReference; lastKnownFileType = sourcecode.swift; lineEnding = 0; path = BLEoTTests.swift; sourceTree = "<group>"; xcLanguageSpecificationIdentifier = xcode.lang.swift; };
		D6C119771AEE27E40023B422 /* BLEoT.swift */ = {isa = PBXFileReference; fileEncoding = 4; lastKnownFileType = sourcecode.swift; lineEnding = 0; path = BLEoT.swift; sourceTree = "<group>"; xcLanguageSpecificationIdentifier = xcode.lang.swift; };
		D6C1197D1AEF6BD00023B422 /* LocationViewController.swift */ = {isa = PBXFileReference; fileEncoding = 4; lastKnownFileType = sourcecode.swift; lineEnding = 0; path = LocationViewController.swift; sourceTree = "<group>"; xcLanguageSpecificationIdentifier = xcode.lang.swift; };
		D6C1197F1AEF6E2F0023B422 /* SelectedViewController.swift */ = {isa = PBXFileReference; fileEncoding = 4; lastKnownFileType = sourcecode.swift; lineEnding = 0; path = SelectedViewController.swift; sourceTree = "<group>"; xcLanguageSpecificationIdentifier = xcode.lang.swift; };
		D6C119811AEFA9820023B422 /* ViewController.swift */ = {isa = PBXFileReference; fileEncoding = 4; lastKnownFileType = sourcecode.swift; path = ViewController.swift; sourceTree = "<group>"; };
		D6C119831AEFAC170023B422 /* LocationsTableViewCell.swift */ = {isa = PBXFileReference; fileEncoding = 4; lastKnownFileType = sourcecode.swift; lineEnding = 0; path = LocationsTableViewCell.swift; sourceTree = "<group>"; xcLanguageSpecificationIdentifier = xcode.lang.swift; };
		D6C119851AEFACEA0023B422 /* SelectedTableViewCell.swift */ = {isa = PBXFileReference; fileEncoding = 4; lastKnownFileType = sourcecode.swift; lineEnding = 0; path = SelectedTableViewCell.swift; sourceTree = "<group>"; xcLanguageSpecificationIdentifier = xcode.lang.swift; };
/* End PBXFileReference section */

/* Begin PBXFrameworksBuildPhase section */
		D6C1194C1AEE27590023B422 /* Frameworks */ = {
			isa = PBXFrameworksBuildPhase;
			buildActionMask = 2147483647;
			files = (
			);
			runOnlyForDeploymentPostprocessing = 0;
		};
		D6C119641AEE27590023B422 /* Frameworks */ = {
			isa = PBXFrameworksBuildPhase;
			buildActionMask = 2147483647;
			files = (
			);
			runOnlyForDeploymentPostprocessing = 0;
		};
/* End PBXFrameworksBuildPhase section */

/* Begin PBXGroup section */
		D6C119461AEE27590023B422 = {
			isa = PBXGroup;
			children = (
				D6C119511AEE27590023B422 /* BLEoT */,
				D6C1196A1AEE27590023B422 /* BLEoTTests */,
				D6C119501AEE27590023B422 /* Products */,
			);
			sourceTree = "<group>";
		};
		D6C119501AEE27590023B422 /* Products */ = {
			isa = PBXGroup;
			children = (
				D6C1194F1AEE27590023B422 /* BleOT.app */,
				D6C119671AEE27590023B422 /* BleOTTests.xctest */,
			);
			name = Products;
			sourceTree = "<group>";
		};
		D6C119511AEE27590023B422 /* BLEoT */ = {
			isa = PBXGroup;
			children = (
				D6C119541AEE27590023B422 /* AppDelegate.swift */,
				D6C1197D1AEF6BD00023B422 /* LocationViewController.swift */,
				D6C119811AEFA9820023B422 /* ViewController.swift */,
				D6C1197F1AEF6E2F0023B422 /* SelectedViewController.swift */,
				D6C119851AEFACEA0023B422 /* SelectedTableViewCell.swift */,
				D6C119831AEFAC170023B422 /* LocationsTableViewCell.swift */,
				D6C119771AEE27E40023B422 /* BLEoT.swift */,
				D6C1195B1AEE27590023B422 /* Main.storyboard */,
				D6C1195E1AEE27590023B422 /* Images.xcassets */,
				D6C119601AEE27590023B422 /* LaunchScreen.xib */,
				D6C119561AEE27590023B422 /* BleOT.xcdatamodeld */,
				D6C119521AEE27590023B422 /* Supporting Files */,
			);
			name = BLEoT;
			path = BleOT;
			sourceTree = "<group>";
		};
		D6C119521AEE27590023B422 /* Supporting Files */ = {
			isa = PBXGroup;
			children = (
				D6C119531AEE27590023B422 /* Info.plist */,
			);
			name = "Supporting Files";
			sourceTree = "<group>";
		};
		D6C1196A1AEE27590023B422 /* BLEoTTests */ = {
			isa = PBXGroup;
			children = (
				D6C1196D1AEE27590023B422 /* BLEoTTests.swift */,
				D6C1196B1AEE27590023B422 /* Supporting Files */,
			);
			name = BLEoTTests;
			path = BleOTTests;
			sourceTree = "<group>";
		};
		D6C1196B1AEE27590023B422 /* Supporting Files */ = {
			isa = PBXGroup;
			children = (
				D6C1196C1AEE27590023B422 /* Info.plist */,
			);
			name = "Supporting Files";
			sourceTree = "<group>";
		};
/* End PBXGroup section */

/* Begin PBXNativeTarget section */
		D6C1194E1AEE27590023B422 /* BLEoT */ = {
			isa = PBXNativeTarget;
			buildConfigurationList = D6C119711AEE27590023B422 /* Build configuration list for PBXNativeTarget "BLEoT" */;
			buildPhases = (
				D6C1194B1AEE27590023B422 /* Sources */,
				D6C1194C1AEE27590023B422 /* Frameworks */,
				D6C1194D1AEE27590023B422 /* Resources */,
			);
			buildRules = (
			);
			dependencies = (
			);
			name = BLEoT;
			productName = BleOT;
			productReference = D6C1194F1AEE27590023B422 /* BleOT.app */;
			productType = "com.apple.product-type.application";
		};
		D6C119661AEE27590023B422 /* BLEoTTests */ = {
			isa = PBXNativeTarget;
			buildConfigurationList = D6C119741AEE27590023B422 /* Build configuration list for PBXNativeTarget "BLEoTTests" */;
			buildPhases = (
				D6C119631AEE27590023B422 /* Sources */,
				D6C119641AEE27590023B422 /* Frameworks */,
				D6C119651AEE27590023B422 /* Resources */,
			);
			buildRules = (
			);
			dependencies = (
				D6C119691AEE27590023B422 /* PBXTargetDependency */,
			);
			name = BLEoTTests;
			productName = BleOTTests;
			productReference = D6C119671AEE27590023B422 /* BleOTTests.xctest */;
			productType = "com.apple.product-type.bundle.unit-test";
		};
/* End PBXNativeTarget section */

/* Begin PBXProject section */
		D6C119471AEE27590023B422 /* Project object */ = {
			isa = PBXProject;
			attributes = {
				LastUpgradeCheck = 0630;
				ORGANIZATIONNAME = ITU;
				TargetAttributes = {
					D6C1194E1AEE27590023B422 = {
						CreatedOnToolsVersion = 6.3.1;
					};
					D6C119661AEE27590023B422 = {
						CreatedOnToolsVersion = 6.3.1;
						TestTargetID = D6C1194E1AEE27590023B422;
					};
				};
			};
			buildConfigurationList = D6C1194A1AEE27590023B422 /* Build configuration list for PBXProject "BLEoT" */;
			compatibilityVersion = "Xcode 3.2";
			developmentRegion = English;
			hasScannedForEncodings = 0;
			knownRegions = (
				en,
				Base,
			);
			mainGroup = D6C119461AEE27590023B422;
			productRefGroup = D6C119501AEE27590023B422 /* Products */;
			projectDirPath = "";
			projectRoot = "";
			targets = (
				D6C1194E1AEE27590023B422 /* BLEoT */,
				D6C119661AEE27590023B422 /* BLEoTTests */,
			);
		};
/* End PBXProject section */

/* Begin PBXResourcesBuildPhase section */
		D6C1194D1AEE27590023B422 /* Resources */ = {
			isa = PBXResourcesBuildPhase;
			buildActionMask = 2147483647;
			files = (
				D6C1195D1AEE27590023B422 /* Main.storyboard in Resources */,
				D6C119621AEE27590023B422 /* LaunchScreen.xib in Resources */,
				D6C1195F1AEE27590023B422 /* Images.xcassets in Resources */,
			);
			runOnlyForDeploymentPostprocessing = 0;
		};
		D6C119651AEE27590023B422 /* Resources */ = {
			isa = PBXResourcesBuildPhase;
			buildActionMask = 2147483647;
			files = (
			);
			runOnlyForDeploymentPostprocessing = 0;
		};
/* End PBXResourcesBuildPhase section */

/* Begin PBXSourcesBuildPhase section */
		D6C1194B1AEE27590023B422 /* Sources */ = {
			isa = PBXSourcesBuildPhase;
			buildActionMask = 2147483647;
			files = (
				D6C119781AEE27E40023B422 /* BLEoT.swift in Sources */,
				D6C119841AEFAC170023B422 /* LocationsTableViewCell.swift in Sources */,
				D6C1197E1AEF6BD00023B422 /* LocationViewController.swift in Sources */,
				D6C119581AEE27590023B422 /* BleOT.xcdatamodeld in Sources */,
				D6C119861AEFACEA0023B422 /* SelectedTableViewCell.swift in Sources */,
				D6C119801AEF6E2F0023B422 /* SelectedViewController.swift in Sources */,
				D6C119821AEFA9820023B422 /* ViewController.swift in Sources */,
				D6C119551AEE27590023B422 /* AppDelegate.swift in Sources */,
			);
			runOnlyForDeploymentPostprocessing = 0;
		};
		D6C119631AEE27590023B422 /* Sources */ = {
			isa = PBXSourcesBuildPhase;
			buildActionMask = 2147483647;
			files = (
				D6C1196E1AEE27590023B422 /* BLEoTTests.swift in Sources */,
			);
			runOnlyForDeploymentPostprocessing = 0;
		};
/* End PBXSourcesBuildPhase section */

/* Begin PBXTargetDependency section */
		D6C119691AEE27590023B422 /* PBXTargetDependency */ = {
			isa = PBXTargetDependency;
			target = D6C1194E1AEE27590023B422 /* BLEoT */;
			targetProxy = D6C119681AEE27590023B422 /* PBXContainerItemProxy */;
		};
/* End PBXTargetDependency section */

/* Begin PBXVariantGroup section */
		D6C1195B1AEE27590023B422 /* Main.storyboard */ = {
			isa = PBXVariantGroup;
			children = (
				D6C1195C1AEE27590023B422 /* Base */,
			);
			name = Main.storyboard;
			sourceTree = "<group>";
		};
		D6C119601AEE27590023B422 /* LaunchScreen.xib */ = {
			isa = PBXVariantGroup;
			children = (
				D6C119611AEE27590023B422 /* Base */,
			);
			name = LaunchScreen.xib;
			sourceTree = "<group>";
		};
/* End PBXVariantGroup section */

/* Begin XCBuildConfiguration section */
		D6C1196F1AEE27590023B422 /* Debug */ = {
			isa = XCBuildConfiguration;
			buildSettings = {
				ALWAYS_SEARCH_USER_PATHS = NO;
				CLANG_CXX_LANGUAGE_STANDARD = "gnu++0x";
				CLANG_CXX_LIBRARY = "libc++";
				CLANG_ENABLE_MODULES = YES;
				CLANG_ENABLE_OBJC_ARC = YES;
				CLANG_WARN_BOOL_CONVERSION = YES;
				CLANG_WARN_CONSTANT_CONVERSION = YES;
				CLANG_WARN_DIRECT_OBJC_ISA_USAGE = YES_ERROR;
				CLANG_WARN_EMPTY_BODY = YES;
				CLANG_WARN_ENUM_CONVERSION = YES;
				CLANG_WARN_INT_CONVERSION = YES;
				CLANG_WARN_OBJC_ROOT_CLASS = YES_ERROR;
				CLANG_WARN_UNREACHABLE_CODE = YES;
				CLANG_WARN__DUPLICATE_METHOD_MATCH = YES;
				"CODE_SIGN_IDENTITY[sdk=iphoneos*]" = "iPhone Developer";
				COPY_PHASE_STRIP = NO;
				DEBUG_INFORMATION_FORMAT = "dwarf-with-dsym";
				ENABLE_STRICT_OBJC_MSGSEND = YES;
				GCC_C_LANGUAGE_STANDARD = gnu99;
				GCC_DYNAMIC_NO_PIC = NO;
				GCC_NO_COMMON_BLOCKS = YES;
				GCC_OPTIMIZATION_LEVEL = 0;
				GCC_PREPROCESSOR_DEFINITIONS = (
					"DEBUG=1",
					"$(inherited)",
				);
				GCC_SYMBOLS_PRIVATE_EXTERN = NO;
				GCC_WARN_64_TO_32_BIT_CONVERSION = YES;
				GCC_WARN_ABOUT_RETURN_TYPE = YES_ERROR;
				GCC_WARN_UNDECLARED_SELECTOR = YES;
				GCC_WARN_UNINITIALIZED_AUTOS = YES_AGGRESSIVE;
				GCC_WARN_UNUSED_FUNCTION = YES;
				GCC_WARN_UNUSED_VARIABLE = YES;
				IPHONEOS_DEPLOYMENT_TARGET = 8.3;
				MTL_ENABLE_DEBUG_INFO = YES;
				ONLY_ACTIVE_ARCH = YES;
				SDKROOT = iphoneos;
				SWIFT_OPTIMIZATION_LEVEL = "-Onone";
				TARGETED_DEVICE_FAMILY = "1,2";
			};
			name = Debug;
		};
		D6C119701AEE27590023B422 /* Release */ = {
			isa = XCBuildConfiguration;
			buildSettings = {
				ALWAYS_SEARCH_USER_PATHS = NO;
				CLANG_CXX_LANGUAGE_STANDARD = "gnu++0x";
				CLANG_CXX_LIBRARY = "libc++";
				CLANG_ENABLE_MODULES = YES;
				CLANG_ENABLE_OBJC_ARC = YES;
				CLANG_WARN_BOOL_CONVERSION = YES;
				CLANG_WARN_CONSTANT_CONVERSION = YES;
				CLANG_WARN_DIRECT_OBJC_ISA_USAGE = YES_ERROR;
				CLANG_WARN_EMPTY_BODY = YES;
				CLANG_WARN_ENUM_CONVERSION = YES;
				CLANG_WARN_INT_CONVERSION = YES;
				CLANG_WARN_OBJC_ROOT_CLASS = YES_ERROR;
				CLANG_WARN_UNREACHABLE_CODE = YES;
				CLANG_WARN__DUPLICATE_METHOD_MATCH = YES;
				"CODE_SIGN_IDENTITY[sdk=iphoneos*]" = "iPhone Developer";
				COPY_PHASE_STRIP = NO;
				DEBUG_INFORMATION_FORMAT = "dwarf-with-dsym";
				ENABLE_NS_ASSERTIONS = NO;
				ENABLE_STRICT_OBJC_MSGSEND = YES;
				GCC_C_LANGUAGE_STANDARD = gnu99;
				GCC_NO_COMMON_BLOCKS = YES;
				GCC_WARN_64_TO_32_BIT_CONVERSION = YES;
				GCC_WARN_ABOUT_RETURN_TYPE = YES_ERROR;
				GCC_WARN_UNDECLARED_SELECTOR = YES;
				GCC_WARN_UNINITIALIZED_AUTOS = YES_AGGRESSIVE;
				GCC_WARN_UNUSED_FUNCTION = YES;
				GCC_WARN_UNUSED_VARIABLE = YES;
				IPHONEOS_DEPLOYMENT_TARGET = 8.3;
				MTL_ENABLE_DEBUG_INFO = NO;
				SDKROOT = iphoneos;
				TARGETED_DEVICE_FAMILY = "1,2";
				VALIDATE_PRODUCT = YES;
			};
			name = Release;
		};
		D6C119721AEE27590023B422 /* Debug */ = {
			isa = XCBuildConfiguration;
			buildSettings = {
				ASSETCATALOG_COMPILER_APPICON_NAME = AppIcon;
				INFOPLIST_FILE = BleOT/Info.plist;
				LD_RUNPATH_SEARCH_PATHS = "$(inherited) @executable_path/Frameworks";
				OTHER_SWIFT_FLAGS = "-DDEBUG";
				PRODUCT_NAME = "$(TARGET_NAME)";
				TARGETED_DEVICE_FAMILY = "1,2";
			};
			name = Debug;
		};
		D6C119731AEE27590023B422 /* Release */ = {
			isa = XCBuildConfiguration;
			buildSettings = {
				ASSETCATALOG_COMPILER_APPICON_NAME = AppIcon;
				INFOPLIST_FILE = BleOT/Info.plist;
				LD_RUNPATH_SEARCH_PATHS = "$(inherited) @executable_path/Frameworks";
				OTHER_SWIFT_FLAGS = "-DRELEASE";
				PRODUCT_NAME = "$(TARGET_NAME)";
				TARGETED_DEVICE_FAMILY = "1,2";
			};
			name = Release;
		};
		D6C119751AEE27590023B422 /* Debug */ = {
			isa = XCBuildConfiguration;
			buildSettings = {
				BUNDLE_LOADER = "$(TEST_HOST)";
				FRAMEWORK_SEARCH_PATHS = (
					"$(SDKROOT)/Developer/Library/Frameworks",
					"$(inherited)",
				);
				GCC_PREPROCESSOR_DEFINITIONS = (
					"DEBUG=1",
					"$(inherited)",
				);
				INFOPLIST_FILE = BleOTTests/Info.plist;
				LD_RUNPATH_SEARCH_PATHS = "$(inherited) @executable_path/Frameworks @loader_path/Frameworks";
				PRODUCT_NAME = "$(TARGET_NAME)";
				TEST_HOST = "$(BUILT_PRODUCTS_DIR)/BleOT.app/BleOT";
			};
			name = Debug;
		};
		D6C119761AEE27590023B422 /* Release */ = {
			isa = XCBuildConfiguration;
			buildSettings = {
				BUNDLE_LOADER = "$(TEST_HOST)";
				FRAMEWORK_SEARCH_PATHS = (
					"$(SDKROOT)/Developer/Library/Frameworks",
					"$(inherited)",
				);
				INFOPLIST_FILE = BleOTTests/Info.plist;
				LD_RUNPATH_SEARCH_PATHS = "$(inherited) @executable_path/Frameworks @loader_path/Frameworks";
				PRODUCT_NAME = "$(TARGET_NAME)";
				TEST_HOST = "$(BUILT_PRODUCTS_DIR)/BleOT.app/BleOT";
			};
			name = Release;
		};
/* End XCBuildConfiguration section */

/* Begin XCConfigurationList section */
		D6C1194A1AEE27590023B422 /* Build configuration list for PBXProject "BLEoT" */ = {
			isa = XCConfigurationList;
			buildConfigurations = (
				D6C1196F1AEE27590023B422 /* Debug */,
				D6C119701AEE27590023B422 /* Release */,
			);
			defaultConfigurationIsVisible = 0;
			defaultConfigurationName = Release;
		};
		D6C119711AEE27590023B422 /* Build configuration list for PBXNativeTarget "BLEoT" */ = {
			isa = XCConfigurationList;
			buildConfigurations = (
				D6C119721AEE27590023B422 /* Debug */,
				D6C119731AEE27590023B422 /* Release */,
			);
			defaultConfigurationIsVisible = 0;
			defaultConfigurationName = Release;
		};
		D6C119741AEE27590023B422 /* Build configuration list for PBXNativeTarget "BLEoTTests" */ = {
			isa = XCConfigurationList;
			buildConfigurations = (
				D6C119751AEE27590023B422 /* Debug */,
				D6C119761AEE27590023B422 /* Release */,
			);
			defaultConfigurationIsVisible = 0;
			defaultConfigurationName = Release;
		};
/* End XCConfigurationList section */

/* Begin XCVersionGroup section */
		D6C119561AEE27590023B422 /* BleOT.xcdatamodeld */ = {
			isa = XCVersionGroup;
			children = (
				D6C119571AEE27590023B422 /* BleOT.xcdatamodel */,
			);
			currentVersion = D6C119571AEE27590023B422 /* BleOT.xcdatamodel */;
			path = BleOT.xcdatamodeld;
			sourceTree = "<group>";
			versionGroupType = wrapper.xcdatamodel;
		};
/* End XCVersionGroup section */
	};
	rootObject = D6C119471AEE27590023B422 /* Project object */;
}
